
Microsoft Visual Studio Solution File, Format Version 12.00
# Visual Studio 15
VisualStudioVersion = 15.0.27428.2015
MinimumVisualStudioVersion = 10.0.40219.1
Project("{8BC9CEB8-8B4A-11D0-8D11-00A0C91BC942}") = "GameCode", "GameCode.vcxproj", "{A8FB4B59-F830-4CAE-BB80-745F047CF67D}"
EndProject
Project("{8BC9CEB8-8B4A-11D0-8D11-00A0C91BC942}") = "FamilyTree", "Main\FamilyTree.vcxproj", "{88BF65F6-658A-49E5-9063-3455A41703EB}"
	ProjectSection(ProjectDependencies) = postProject
		{A8FB4B59-F830-4CAE-BB80-745F047CF67D} = {A8FB4B59-F830-4CAE-BB80-745F047CF67D}
	EndProjectSection
EndProject
Project("{8BC9CEB8-8B4A-11D0-8D11-00A0C91BC942}") = "Tests", "..\Tests\Tests\Tests.vcxproj", "{66C9EAE4-CC1B-4F86-9AF2-0B05711F9D86}"
EndProject
Global
	GlobalSection(SolutionConfigurationPlatforms) = preSolution
		Debug|Mixed Platforms = Debug|Mixed Platforms
		Debug|Win32 = Debug|Win32
		Debug|x64 = Debug|x64
		Debug|x86 = Debug|x86
		Release|Mixed Platforms = Release|Mixed Platforms
		Release|Win32 = Release|Win32
		Release|x64 = Release|x64
		Release|x86 = Release|x86
		ReleaseMinDependency|Mixed Platforms = ReleaseMinDependency|Mixed Platforms
		ReleaseMinDependency|Win32 = ReleaseMinDependency|Win32
		ReleaseMinDependency|x64 = ReleaseMinDependency|x64
		ReleaseMinDependency|x86 = ReleaseMinDependency|x86
	EndGlobalSection
	GlobalSection(ProjectConfigurationPlatforms) = postSolution
		{A8FB4B59-F830-4CAE-BB80-745F047CF67D}.Debug|Mixed Platforms.ActiveCfg = Debug|Win32
		{A8FB4B59-F830-4CAE-BB80-745F047CF67D}.Debug|Mixed Platforms.Build.0 = Debug|Win32
		{A8FB4B59-F830-4CAE-BB80-745F047CF67D}.Debug|Win32.ActiveCfg = Debug|Win32
		{A8FB4B59-F830-4CAE-BB80-745F047CF67D}.Debug|Win32.Build.0 = Debug|Win32
		{A8FB4B59-F830-4CAE-BB80-745F047CF67D}.Debug|x64.ActiveCfg = Debug|x64
		{A8FB4B59-F830-4CAE-BB80-745F047CF67D}.Debug|x64.Build.0 = Debug|x64
		{A8FB4B59-F830-4CAE-BB80-745F047CF67D}.Debug|x86.ActiveCfg = Debug|Win32
		{A8FB4B59-F830-4CAE-BB80-745F047CF67D}.Debug|x86.Build.0 = Debug|Win32
		{A8FB4B59-F830-4CAE-BB80-745F047CF67D}.Release|Mixed Platforms.ActiveCfg = Release|Win32
		{A8FB4B59-F830-4CAE-BB80-745F047CF67D}.Release|Mixed Platforms.Build.0 = Release|Win32
		{A8FB4B59-F830-4CAE-BB80-745F047CF67D}.Release|Win32.ActiveCfg = Release|Win32
		{A8FB4B59-F830-4CAE-BB80-745F047CF67D}.Release|Win32.Build.0 = Release|Win32
		{A8FB4B59-F830-4CAE-BB80-745F047CF67D}.Release|x64.ActiveCfg = Release|x64
		{A8FB4B59-F830-4CAE-BB80-745F047CF67D}.Release|x64.Build.0 = Release|x64
		{A8FB4B59-F830-4CAE-BB80-745F047CF67D}.Release|x86.ActiveCfg = Release|Win32
		{A8FB4B59-F830-4CAE-BB80-745F047CF67D}.Release|x86.Build.0 = Release|Win32
		{A8FB4B59-F830-4CAE-BB80-745F047CF67D}.ReleaseMinDependency|Mixed Platforms.ActiveCfg = Release|Win32
		{A8FB4B59-F830-4CAE-BB80-745F047CF67D}.ReleaseMinDependency|Mixed Platforms.Build.0 = Release|Win32
		{A8FB4B59-F830-4CAE-BB80-745F047CF67D}.ReleaseMinDependency|Win32.ActiveCfg = Release|Win32
		{A8FB4B59-F830-4CAE-BB80-745F047CF67D}.ReleaseMinDependency|Win32.Build.0 = Release|Win32
		{A8FB4B59-F830-4CAE-BB80-745F047CF67D}.ReleaseMinDependency|x64.ActiveCfg = Release|x64
		{A8FB4B59-F830-4CAE-BB80-745F047CF67D}.ReleaseMinDependency|x64.Build.0 = Release|x64
		{A8FB4B59-F830-4CAE-BB80-745F047CF67D}.ReleaseMinDependency|x86.ActiveCfg = Release|Win32
		{A8FB4B59-F830-4CAE-BB80-745F047CF67D}.ReleaseMinDependency|x86.Build.0 = Release|Win32
		{88BF65F6-658A-49E5-9063-3455A41703EB}.Debug|Mixed Platforms.ActiveCfg = Debug|Win32
		{88BF65F6-658A-49E5-9063-3455A41703EB}.Debug|Mixed Platforms.Build.0 = Debug|Win32
		{88BF65F6-658A-49E5-9063-3455A41703EB}.Debug|Win32.ActiveCfg = Debug|Win32
		{88BF65F6-658A-49E5-9063-3455A41703EB}.Debug|Win32.Build.0 = Debug|Win32
		{88BF65F6-658A-49E5-9063-3455A41703EB}.Debug|x64.ActiveCfg = Debug|Win32
		{88BF65F6-658A-49E5-9063-3455A41703EB}.Debug|x86.ActiveCfg = Debug|Win32
		{88BF65F6-658A-49E5-9063-3455A41703EB}.Debug|x86.Build.0 = Debug|Win32
		{88BF65F6-658A-49E5-9063-3455A41703EB}.Release|Mixed Platforms.ActiveCfg = Release|Win32
		{88BF65F6-658A-49E5-9063-3455A41703EB}.Release|Mixed Platforms.Build.0 = Release|Win32
		{88BF65F6-658A-49E5-9063-3455A41703EB}.Release|Win32.ActiveCfg = Release|Win32
		{88BF65F6-658A-49E5-9063-3455A41703EB}.Release|Win32.Build.0 = Release|Win32
		{88BF65F6-658A-49E5-9063-3455A41703EB}.Release|x64.ActiveCfg = Release|Win32
		{88BF65F6-658A-49E5-9063-3455A41703EB}.Release|x86.ActiveCfg = Release|Win32
		{88BF65F6-658A-49E5-9063-3455A41703EB}.Release|x86.Build.0 = Release|Win32
		{88BF65F6-658A-49E5-9063-3455A41703EB}.ReleaseMinDependency|Mixed Platforms.ActiveCfg = Release|Win32
		{88BF65F6-658A-49E5-9063-3455A41703EB}.ReleaseMinDependency|Mixed Platforms.Build.0 = Release|Win32
		{88BF65F6-658A-49E5-9063-3455A41703EB}.ReleaseMinDependency|Win32.ActiveCfg = Release|Win32
		{88BF65F6-658A-49E5-9063-3455A41703EB}.ReleaseMinDependency|Win32.Build.0 = Release|Win32
		{88BF65F6-658A-49E5-9063-3455A41703EB}.ReleaseMinDependency|x64.ActiveCfg = Release|Win32
		{88BF65F6-658A-49E5-9063-3455A41703EB}.ReleaseMinDependency|x64.Build.0 = Release|Win32
		{88BF65F6-658A-49E5-9063-3455A41703EB}.ReleaseMinDependency|x86.ActiveCfg = Release|Win32
		{88BF65F6-658A-49E5-9063-3455A41703EB}.ReleaseMinDependency|x86.Build.0 = Release|Win32
		{66C9EAE4-CC1B-4F86-9AF2-0B05711F9D86}.Debug|Mixed Platforms.ActiveCfg = Debug|Win32
		{66C9EAE4-CC1B-4F86-9AF2-0B05711F9D86}.Debug|Mixed Platforms.Build.0 = Debug|Win32
		{66C9EAE4-CC1B-4F86-9AF2-0B05711F9D86}.Debug|Win32.ActiveCfg = Debug|Win32
		{66C9EAE4-CC1B-4F86-9AF2-0B05711F9D86}.Debug|Win32.Build.0 = Debug|Win32
		{66C9EAE4-CC1B-4F86-9AF2-0B05711F9D86}.Debug|x64.ActiveCfg = Debug|x64
		{66C9EAE4-CC1B-4F86-9AF2-0B05711F9D86}.Debug|x64.Build.0 = Debug|x64
		{66C9EAE4-CC1B-4F86-9AF2-0B05711F9D86}.Debug|x86.ActiveCfg = Debug|Win32
		{66C9EAE4-CC1B-4F86-9AF2-0B05711F9D86}.Debug|x86.Build.0 = Debug|Win32
		{66C9EAE4-CC1B-4F86-9AF2-0B05711F9D86}.Release|Mixed Platforms.ActiveCfg = Release|Win32
		{66C9EAE4-CC1B-4F86-9AF2-0B05711F9D86}.Release|Mixed Platforms.Build.0 = Release|Win32
		{66C9EAE4-CC1B-4F86-9AF2-0B05711F9D86}.Release|Win32.ActiveCfg = Release|Win32
		{66C9EAE4-CC1B-4F86-9AF2-0B05711F9D86}.Release|Win32.Build.0 = Release|Win32
		{66C9EAE4-CC1B-4F86-9AF2-0B05711F9D86}.Release|x64.ActiveCfg = Release|x64
		{66C9EAE4-CC1B-4F86-9AF2-0B05711F9D86}.Release|x64.Build.0 = Release|x64
		{66C9EAE4-CC1B-4F86-9AF2-0B05711F9D86}.Release|x86.ActiveCfg = Release|Win32
		{66C9EAE4-CC1B-4F86-9AF2-0B05711F9D86}.Release|x86.Build.0 = Release|Win32
		{66C9EAE4-CC1B-4F86-9AF2-0B05711F9D86}.ReleaseMinDependency|Mixed Platforms.ActiveCfg = Release|Win32
		{66C9EAE4-CC1B-4F86-9AF2-0B05711F9D86}.ReleaseMinDependency|Mixed Platforms.Build.0 = Release|Win32
		{66C9EAE4-CC1B-4F86-9AF2-0B05711F9D86}.ReleaseMinDependency|Win32.ActiveCfg = Release|Win32
		{66C9EAE4-CC1B-4F86-9AF2-0B05711F9D86}.ReleaseMinDependency|Win32.Build.0 = Release|Win32
		{66C9EAE4-CC1B-4F86-9AF2-0B05711F9D86}.ReleaseMinDependency|x64.ActiveCfg = Release|x64
		{66C9EAE4-CC1B-4F86-9AF2-0B05711F9D86}.ReleaseMinDependency|x64.Build.0 = Release|x64
		{66C9EAE4-CC1B-4F86-9AF2-0B05711F9D86}.ReleaseMinDependency|x86.ActiveCfg = Release|Win32
		{66C9EAE4-CC1B-4F86-9AF2-0B05711F9D86}.ReleaseMinDependency|x86.Build.0 = Release|Win32
	EndGlobalSection
	GlobalSection(SolutionProperties) = preSolution
		HideSolutionNode = FALSE
	EndGlobalSection
	GlobalSection(ExtensibilityGlobals) = postSolution
		SolutionGuid = {62B97C17-9DF1-4F8D-9C4E-90004960EE1C}
	EndGlobalSection
EndGlobal
