<?xml version="1.0" encoding="utf-8"?>
<Project ToolsVersion="4.0" xmlns="http://schemas.microsoft.com/developer/msbuild/2003">
  <ItemGroup>
    <ClCompile Include="Utilities\STD.cpp" />
    <ClCompile Include="UserInterface\Window.cpp" />
    <ClCompile Include="GameMain\Main.cpp" />
    <ClCompile Include="Input\Keyboard.cpp" />
    <ClCompile Include="Input\KeyboardState.cpp" />
    <ClCompile Include="GameMain\Game.cpp" />
    <ClCompile Include="Graphics\Line.cpp" />
    <ClCompile Include="Content\ModelManager.cpp" />
    <ClCompile Include="Graphics\Model2D.cpp" />
    <ClCompile Include="Utilities\MathTypes.cpp" />
    <ClCompile Include="GameMain\GameLogic.cpp" />
    <ClCompile Include="Graphics\Camera.cpp" />
    <ClCompile Include="EventManager\Timer.cpp" />
    <ClCompile Include="Actor\Asteroid.cpp" />
    <ClCompile Include="Actor\Player.cpp" />
    <ClCompile Include="Actor\PhysicsObject.cpp" />
    <ClCompile Include="Actor\Bullet.cpp" />
    <ClCompile Include="Actor\GameEntity.cpp" />
    <ClCompile Include="Graphics\Font.cpp" />
    <ClCompile Include="Actor\CollisionShape.cpp" />
    <ClCompile Include="GameMain\Globals.cpp" />
    <ClCompile Include="GameMain\GameStateManager.cpp" />
    <ClCompile Include="GameMain\MainGameState.cpp" />
    <ClCompile Include="GameMain\GameOverState.cpp" />
    <ClCompile Include="GameMain\MainMenuState.cpp" />
    <ClCompile Include="GameMain\GamePausedState.cpp" />
    <ClCompile Include="Graphics\Sprite.cpp" />
    <ClCompile Include="Content\TextureManager.cpp" />
    <ClCompile Include="EventManager\AnimationClock.cpp" />
    <ClCompile Include="Content\StandardLevel.cpp" />
    <ClCompile Include="Graphics\ParticleSystem.cpp" />
    <ClCompile Include="Graphics\Particle.cpp" />
    <ClCompile Include="Content\MeteorShowerLevel.cpp" />
    <ClCompile Include="Actor\Quadtree.cpp" />
    <ClCompile Include="Content\AudioManager.cpp" />
    <ClCompile Include="Utilities\WinWav.cpp" />
    <ClCompile Include="Content\MyWav.cpp" />
    <ClCompile Include="Content\Channel.cpp" />
    <ClCompile Include="Content\WaveCallback.cpp" />
    <ClCompile Include="GameMain\LevelCompleteState.cpp" />
    <ClCompile Include="GameMain\LevelStartState.cpp" />
    <ClCompile Include="GameMain\ControlScreenState.cpp" />
    <ClCompile Include="Content\DebugLevel.cpp" />
    <ClCompile Include="Content\Menu.cpp" />
    <ClCompile Include="Content\MenuItem.cpp" />
    <ClCompile Include="Graphics\GraphicsDeviceManager.cpp" />
    <ClCompile Include="Utilities\Functions.cpp" />
    <ClCompile Include="Content\Content.cpp" />
  </ItemGroup>
  <ItemGroup>
    <ClInclude Include="Utilities\STD.h" />
    <ClInclude Include="UserInterface\Window.h" />
    <ClInclude Include="Debugging\Error.h" />
    <ClInclude Include="Input\Keyboard.h" />
    <ClInclude Include="Input\KeyboardState.h" />
    <ClInclude Include="GameMain\Game.h" />
    <ClInclude Include="Graphics\Line.h" />
    <ClInclude Include="Content\ModelManager.h" />
    <ClInclude Include="Graphics\Model2D.h" />
    <ClInclude Include="Utilities\MathTypes.h" />
    <ClInclude Include="GameMain\GameLogic.h" />
    <ClInclude Include="Graphics\Camera.h" />
    <ClInclude Include="EventManager\Timer.h" />
    <ClInclude Include="Actor\GameEntity.h" />
    <ClInclude Include="Actor\Asteroid.h" />
    <ClInclude Include="Actor\Player.h" />
    <ClInclude Include="Actor\PhysicsObject.h" />
    <ClInclude Include="Actor\Bullet.h" />
    <ClInclude Include="Graphics\Font.h" />
    <ClInclude Include="Actor\CollisionShape.h" />
    <ClInclude Include="GameMain\Globals.h" />
    <ClInclude Include="GameMain\GameStateManager.h" />
    <ClInclude Include="GameMain\GameState.h" />
    <ClInclude Include="GameMain\MainGameState.h" />
    <ClInclude Include="GameMain\GameOverState.h" />
    <ClInclude Include="GameMain\MainMenuState.h" />
    <ClInclude Include="GameMain\GamePausedState.h" />
    <ClInclude Include="Graphics\Sprite.h" />
    <ClInclude Include="Content\TextureManager.h" />
    <ClInclude Include="EventManager\AnimationClock.h" />
    <ClInclude Include="Content\Level.h" />
    <ClInclude Include="Content\StandardLevel.h" />
    <ClInclude Include="Graphics\ParticleSystem.h" />
    <ClInclude Include="Graphics\Particle.h" />
    <ClInclude Include="Utilities\Functions.h" />
    <ClInclude Include="Content\MeteorShowerLevel.h" />
    <ClInclude Include="Actor\Quadtree.h" />
    <ClInclude Include="Content\AudioManager.h" />
    <ClInclude Include="Utilities\WinWav.h" />
    <ClInclude Include="Content\MyWav.h" />
    <ClInclude Include="Content\Channel.h" />
    <ClInclude Include="Content\WaveCallback.h" />
    <ClInclude Include="GameMain\LevelCompleteState.h" />
    <ClInclude Include="GameMain\LevelStartState.h" />
    <ClInclude Include="resource.h" />
    <ClInclude Include="GameMain\ControlScreenState.h" />
    <ClInclude Include="Content\DebugLevel.h" />
    <ClInclude Include="Content\Menu.h" />
    <ClInclude Include="Content\MenuItem.h" />
    <ClInclude Include="Graphics\GraphicsDeviceManager.h" />
    <ClInclude Include="Content\Content.h" />
  </ItemGroup>
  <ItemGroup>
    <Image Include="icon1.ico" />
  </ItemGroup>
  <ItemGroup>
    <None Include="packages.config" />
  </ItemGroup>
</Project>